
Microsoft Visual Studio Solution File, Format Version 12.00
# Visual Studio Version 17
VisualStudioVersion = 17.14.36518.9
MinimumVisualStudioVersion = 10.0.40219.1
Project("{FAE04EC0-301F-11D3-BF4B-00C04F79EFBC}") = "DapperProjectDay", "DapperProjectDay\DapperProjectDay.csproj", "{FE6F22BF-165F-440D-A29E-CB90C3D88395}"
EndProject
Project("{FAE04EC0-301F-11D3-BF4B-00C04F79EFBC}") = "CargoTrackCsvGenerator", "CargoTrackCsvGenerator\CargoTrackCsvGenerator.csproj", "{6E93FB1B-9FD6-4F67-88DA-0CA504E9237A}"
EndProject
Global
	GlobalSection(SolutionConfigurationPlatforms) = preSolution
		Debug|Any CPU = Debug|Any CPU
		Release|Any CPU = Release|Any CPU
	EndGlobalSection
	GlobalSection(ProjectConfigurationPlatforms) = postSolution
		{FE6F22BF-165F-440D-A29E-CB90C3D88395}.Debug|Any CPU.ActiveCfg = Debug|Any CPU
		{FE6F22BF-165F-440D-A29E-CB90C3D88395}.Debug|Any CPU.Build.0 = Debug|Any CPU
		{FE6F22BF-165F-440D-A29E-CB90C3D88395}.Release|Any CPU.ActiveCfg = Release|Any CPU
		{FE6F22BF-165F-440D-A29E-CB90C3D88395}.Release|Any CPU.Build.0 = Release|Any CPU
		{6E93FB1B-9FD6-4F67-88DA-0CA504E9237A}.Debug|Any CPU.ActiveCfg = Debug|Any CPU
		{6E93FB1B-9FD6-4F67-88DA-0CA504E9237A}.Debug|Any CPU.Build.0 = Debug|Any CPU
		{6E93FB1B-9FD6-4F67-88DA-0CA504E9237A}.Release|Any CPU.ActiveCfg = Release|Any CPU
		{6E93FB1B-9FD6-4F67-88DA-0CA504E9237A}.Release|Any CPU.Build.0 = Release|Any CPU
	EndGlobalSection
	GlobalSection(SolutionProperties) = preSolution
		HideSolutionNode = FALSE
	EndGlobalSection
	GlobalSection(ExtensibilityGlobals) = postSolution
		SolutionGuid = {F3C45829-6ABD-4C9A-A6C8-7B9C4896D175}
	EndGlobalSection
EndGlobal
